
Microsoft Visual Studio Solution File, Format Version 12.00
# Visual Studio Version 17
VisualStudioVersion = 17.5.33627.172
MinimumVisualStudioVersion = 10.0.40219.1
Project("{9A19103F-16F7-4668-BE54-9A1E7A4F7556}") = "StardewValley.Translation", "StardewValley.Translation\StardewValley.Translation.csproj", "{F1285AE6-6667-4A05-82FA-B8AD08A22DB5}"
EndProject
Project("{9A19103F-16F7-4668-BE54-9A1E7A4F7556}") = "StardewValley.Translation.JsonClass", "StardewValley.Translation.JsonClass\StardewValley.Translation.JsonClass.csproj", "{F05124F5-DF44-4A5A-AFCE-2252D431C239}"
EndProject
Project("{FAE04EC0-301F-11D3-BF4B-00C04F79EFBC}") = "StardewValley.Translation.CecilClass", "StardewValley.Translation.CecilClass\StardewValley.Translation.CecilClass.csproj", "{6D87A180-B93F-477B-9224-FB3688B18F9B}"
EndProject
Global
	GlobalSection(SolutionConfigurationPlatforms) = preSolution
		Debug|Any CPU = Debug|Any CPU
		Release|Any CPU = Release|Any CPU
	EndGlobalSection
	GlobalSection(ProjectConfigurationPlatforms) = postSolution
		{F1285AE6-6667-4A05-82FA-B8AD08A22DB5}.Debug|Any CPU.ActiveCfg = Debug|Any CPU
		{F1285AE6-6667-4A05-82FA-B8AD08A22DB5}.Debug|Any CPU.Build.0 = Debug|Any CPU
		{F1285AE6-6667-4A05-82FA-B8AD08A22DB5}.Release|Any CPU.ActiveCfg = Release|Any CPU
		{F1285AE6-6667-4A05-82FA-B8AD08A22DB5}.Release|Any CPU.Build.0 = Release|Any CPU
		{F05124F5-DF44-4A5A-AFCE-2252D431C239}.Debug|Any CPU.ActiveCfg = Debug|Any CPU
		{F05124F5-DF44-4A5A-AFCE-2252D431C239}.Debug|Any CPU.Build.0 = Debug|Any CPU
		{F05124F5-DF44-4A5A-AFCE-2252D431C239}.Release|Any CPU.ActiveCfg = Release|Any CPU
		{F05124F5-DF44-4A5A-AFCE-2252D431C239}.Release|Any CPU.Build.0 = Release|Any CPU
		{6D87A180-B93F-477B-9224-FB3688B18F9B}.Debug|Any CPU.ActiveCfg = Debug|Any CPU
		{6D87A180-B93F-477B-9224-FB3688B18F9B}.Debug|Any CPU.Build.0 = Debug|Any CPU
		{6D87A180-B93F-477B-9224-FB3688B18F9B}.Release|Any CPU.ActiveCfg = Release|Any CPU
		{6D87A180-B93F-477B-9224-FB3688B18F9B}.Release|Any CPU.Build.0 = Release|Any CPU
	EndGlobalSection
	GlobalSection(SolutionProperties) = preSolution
		HideSolutionNode = FALSE
	EndGlobalSection
	GlobalSection(ExtensibilityGlobals) = postSolution
		SolutionGuid = {1F035147-C402-4875-9EFD-1ADD3B8AF8C4}
	EndGlobalSection
EndGlobal
